{
  "version": "2",
  "remote": {
    "https://deno.land/std@0.82.0/encoding/_yaml/dumper/dumper.ts": "3124b31925226bed110d83c4d10c3773ea3685fcdaa40ce8d648b9828be193ae",
    "https://deno.land/std@0.82.0/encoding/_yaml/dumper/dumper_state.ts": "a13a829c275b35f11a162b68603275b2f9a932e3765514962cb79ebaca219882",
    "https://deno.land/std@0.82.0/encoding/_yaml/error.ts": "5a4ce54c2dbf51c9c61c3f7b7326d28d390cfa31dc032b230f2150b0bc5473c4",
    "https://deno.land/std@0.82.0/encoding/_yaml/loader/loader.ts": "a64c7f144e4f37fb274df2c0a6fe5e168796a25d71afa5baf61f472c681c9e68",
    "https://deno.land/std@0.82.0/encoding/_yaml/loader/loader_state.ts": "d7f6c297393c6426498f0501e66f734173f1205f1c6803ef09cf59376e1b17b5",
    "https://deno.land/std@0.82.0/encoding/_yaml/mark.ts": "881d920ddc87241ab5f7285e0bd4cb2c16c76bae28612a35cc0a1fa14ff18578",
    "https://deno.land/std@0.82.0/encoding/_yaml/parse.ts": "9c688142dfe02e08d48e3da338fa7bafea7c4fc1d0e46f3566dcf6a08ee1815d",
    "https://deno.land/std@0.82.0/encoding/_yaml/schema.ts": "234b54fc8846ea7f534cd4b41d19ac723429cfc6fbfa014e369aaf5c0efa1079",
    "https://deno.land/std@0.82.0/encoding/_yaml/schema/core.ts": "d29ca6499a0ca37d814a5d09040c5e4865ddd0d949a5e77806dc8429cb098a29",
    "https://deno.land/std@0.82.0/encoding/_yaml/schema/default.ts": "ea0b1da3efd16c9356cd86e5cf7a5a75473cca7d8ab96659ae5e4066561f5cd9",
    "https://deno.land/std@0.82.0/encoding/_yaml/schema/failsafe.ts": "2c96de9a5b2f42233c387e352c406091f84ebf1771bf9a4912fc09ed2dfbfc15",
    "https://deno.land/std@0.82.0/encoding/_yaml/schema/json.ts": "e1b18a1297b4a68d44ea812f03a343753acfa724df75d6100e0400c09421eaf0",
    "https://deno.land/std@0.82.0/encoding/_yaml/schema/mod.ts": "976a2cd8f9590f12c098713b871d3122c082c8218d6cdc3963c262a6a255a3a4",
    "https://deno.land/std@0.82.0/encoding/_yaml/state.ts": "7e2c0f513b06aafc3c6749fa0f5f90c70e8bea7c32e45dd8984390d1f6a6a0d7",
    "https://deno.land/std@0.82.0/encoding/_yaml/stringify.ts": "5a4e70525a7a0b03adaedb94442a2cbe4908469b8d8d9dbfc50533bb0ed2252c",
    "https://deno.land/std@0.82.0/encoding/_yaml/type.ts": "9c5dd96040218f1f65adf91bd85a24d27515d76e97fe75f87e1f960993df9c0e",
    "https://deno.land/std@0.82.0/encoding/_yaml/type/binary.ts": "c623dcfe99070cb6b706c57babd1cb5f9a5ba39ef1f7665d2008468cd9253586",
    "https://deno.land/std@0.82.0/encoding/_yaml/type/bool.ts": "d29a7ec151f23ba60d81fbff653f7dfab8db10830811805390f2de1bf08ecea4",
    "https://deno.land/std@0.82.0/encoding/_yaml/type/float.ts": "95bb328fbc77c1d0bb643b37fef786371069db6e5e53ee4505cde3a177c17ee8",
    "https://deno.land/std@0.82.0/encoding/_yaml/type/int.ts": "f96cae8e2a2edc7eba7e3d01712a8538d0c5227c96ded402da6b367847395275",
    "https://deno.land/std@0.82.0/encoding/_yaml/type/map.ts": "9c2cd7acd9211faa25083cee61e703acd74778151fc1fface8dc8b93f8ba41fa",
    "https://deno.land/std@0.82.0/encoding/_yaml/type/merge.ts": "4f255e7f007fe2da1dba131b296c53e039c0b0e04540e977cbac3730bbb8c052",
    "https://deno.land/std@0.82.0/encoding/_yaml/type/mod.ts": "1086644fb36cabd2dac739b06ca7aa49f21fce951efc5ee5702c8a7626c7e6d1",
    "https://deno.land/std@0.82.0/encoding/_yaml/type/nil.ts": "ff4bd60b83b5989e82664584041fb9cdce85b31fa6e0cdc8a8dc5b25a4be3650",
    "https://deno.land/std@0.82.0/encoding/_yaml/type/omap.ts": "8ec79eda0af93f9208f38aa6834384ebf8f38d2c544f265bd58b498789493de9",
    "https://deno.land/std@0.82.0/encoding/_yaml/type/pairs.ts": "6558daa5791624779ecda21715cfc9869b74d7e081ae34f3b8a8c90738412afa",
    "https://deno.land/std@0.82.0/encoding/_yaml/type/seq.ts": "4721c571a08a1e05086d092047c0717b86dac34b8acdcdb54acb0f2839493b67",
    "https://deno.land/std@0.82.0/encoding/_yaml/type/set.ts": "7cbdee3ebaaff175a587219b7485822bae31a393520498bb3e8086f9ad67a0dc",
    "https://deno.land/std@0.82.0/encoding/_yaml/type/str.ts": "283ab0937dd6c1d990de8b2f502f18f69ff63a8fdc58c6999f26513a4f74fe3c",
    "https://deno.land/std@0.82.0/encoding/_yaml/type/timestamp.ts": "504e8ae1e871c726f73aabfabaf261b19f0c125d7c741e0d9dc23c6d26df6a4f",
    "https://deno.land/std@0.82.0/encoding/_yaml/utils.ts": "1fb1a955c9856b10d8a737971e37732a4d9646f1a4ec77569a55860be9251515",
    "https://deno.land/std@0.82.0/encoding/yaml.ts": "f60f56addab7cffa465e0f35fb2b5296158bd952aa50cb8b22aa446861ce093b"
  }
}
