{
  "lockfileVersion": 1,
  "configVersion": 1,
  "workspaces": {
    "": {
      "devDependencies": {
        "@biomejs/biome": "^2.4.4",
      },
    },
    "packages/fff-bun": {
      "name": "@ff-labs/fff-bun",
      "version": "0.1.37",
      "bin": {
        "fff": "./scripts/cli.ts",
        "fff-demo": "./examples/search.ts",
        "fff-grep": "./examples/grep.ts",
      },
      "devDependencies": {
        "@types/bun": "^1.3.8",
        "typescript": "^5.0.0",
      },
      "optionalDependencies": {
        "@ff-labs/fff-bun-darwin-arm64": "0.0.0",
        "@ff-labs/fff-bun-darwin-x64": "0.0.0",
        "@ff-labs/fff-bun-linux-arm64-gnu": "0.0.0",
        "@ff-labs/fff-bun-linux-arm64-musl": "0.0.0",
        "@ff-labs/fff-bun-linux-x64-gnu": "0.0.0",
        "@ff-labs/fff-bun-linux-x64-musl": "0.0.0",
        "@ff-labs/fff-bun-win32-arm64": "0.0.0",
        "@ff-labs/fff-bun-win32-x64": "0.0.0",
      },
      "peerDependencies": {
        "bun": ">=1.0.0",
      },
    },
    "packages/fff-node": {
      "name": "@ff-labs/fff-node",
      "version": "0.1.37",
      "bin": {
        "fff-node": "./dist/scripts/cli.js",
      },
      "dependencies": {
        "ffi-rs": "^1.0.0",
      },
      "devDependencies": {
        "@types/node": "^22.0.0",
        "typescript": "^5.0.0",
      },
      "optionalDependencies": {
        "@ff-labs/fff-bun-darwin-arm64": "0.0.0",
        "@ff-labs/fff-bun-darwin-x64": "0.0.0",
        "@ff-labs/fff-bun-linux-arm64-gnu": "0.0.0",
        "@ff-labs/fff-bun-linux-arm64-musl": "0.0.0",
        "@ff-labs/fff-bun-linux-x64-gnu": "0.0.0",
        "@ff-labs/fff-bun-linux-x64-musl": "0.0.0",
        "@ff-labs/fff-bun-win32-arm64": "0.0.0",
        "@ff-labs/fff-bun-win32-x64": "0.0.0",
      },
    },
  },
  "packages": {
    "@biomejs/biome": ["@biomejs/biome@2.4.4", "", { "optionalDependencies": { "@biomejs/cli-darwin-arm64": "2.4.4", "@biomejs/cli-darwin-x64": "2.4.4", "@biomejs/cli-linux-arm64": "2.4.4", "@biomejs/cli-linux-arm64-musl": "2.4.4", "@biomejs/cli-linux-x64": "2.4.4", "@biomejs/cli-linux-x64-musl": "2.4.4", "@biomejs/cli-win32-arm64": "2.4.4", "@biomejs/cli-win32-x64": "2.4.4" }, "bin": { "biome": "bin/biome" } }, "sha512-tigwWS5KfJf0cABVd52NVaXyAVv4qpUXOWJ1rxFL8xF1RVoeS2q/LK+FHgYoKMclJCuRoCWAPy1IXaN9/mS61Q=="],

    "@biomejs/cli-darwin-arm64": ["@biomejs/cli-darwin-arm64@2.4.4", "", { "os": "darwin", "cpu": "arm64" }, "sha512-jZ+Xc6qvD6tTH5jM6eKX44dcbyNqJHssfl2nnwT6vma6B1sj7ZLTGIk6N5QwVBs5xGN52r3trk5fgd3sQ9We9A=="],

    "@biomejs/cli-darwin-x64": ["@biomejs/cli-darwin-x64@2.4.4", "", { "os": "darwin", "cpu": "x64" }, "sha512-Dh1a/+W+SUCXhEdL7TiX3ArPTFCQKJTI1mGncZNWfO+6suk+gYA4lNyJcBB+pwvF49uw0pEbUS49BgYOY4hzUg=="],

    "@biomejs/cli-linux-arm64": ["@biomejs/cli-linux-arm64@2.4.4", "", { "os": "linux", "cpu": "arm64" }, "sha512-V/NFfbWhsUU6w+m5WYbBenlEAz8eYnSqRMDMAW3K+3v0tYVkNyZn8VU0XPxk/lOqNXLSCCrV7FmV/u3SjCBShg=="],

    "@biomejs/cli-linux-arm64-musl": ["@biomejs/cli-linux-arm64-musl@2.4.4", "", { "os": "linux", "cpu": "arm64" }, "sha512-+sPAXq3bxmFwhVFJnSwkSF5Rw2ZAJMH3MF6C9IveAEOdSpgajPhoQhbbAK12SehN9j2QrHpk4J/cHsa/HqWaYQ=="],

    "@biomejs/cli-linux-x64": ["@biomejs/cli-linux-x64@2.4.4", "", { "os": "linux", "cpu": "x64" }, "sha512-R4+ZCDtG9kHArasyBO+UBD6jr/FcFCTH8QkNTOCu0pRJzCWyWC4EtZa2AmUZB5h3e0jD7bRV2KvrENcf8rndBg=="],

    "@biomejs/cli-linux-x64-musl": ["@biomejs/cli-linux-x64-musl@2.4.4", "", { "os": "linux", "cpu": "x64" }, "sha512-gGvFTGpOIQDb5CQ2VC0n9Z2UEqlP46c4aNgHmAMytYieTGEcfqhfCFnhs6xjt0S3igE6q5GLuIXtdQt3Izok+g=="],

    "@biomejs/cli-win32-arm64": ["@biomejs/cli-win32-arm64@2.4.4", "", { "os": "win32", "cpu": "arm64" }, "sha512-trzCqM7x+Gn832zZHgr28JoYagQNX4CZkUZhMUac2YxvvyDRLJDrb5m9IA7CaZLlX6lTQmADVfLEKP1et1Ma4Q=="],

    "@biomejs/cli-win32-x64": ["@biomejs/cli-win32-x64@2.4.4", "", { "os": "win32", "cpu": "x64" }, "sha512-gnOHKVPFAAPrpoPt2t+Q6FZ7RPry/FDV3GcpU53P3PtLNnQjBmKyN2Vh/JtqXet+H4pme8CC76rScwdjDcT1/A=="],

    "@ff-labs/fff-bun": ["@ff-labs/fff-bun@workspace:packages/fff-bun"],

    "@ff-labs/fff-node": ["@ff-labs/fff-node@workspace:packages/fff-node"],

    "@oven/bun-darwin-aarch64": ["@oven/bun-darwin-aarch64@1.3.10", "", { "os": "darwin", "cpu": "arm64" }, "sha512-PXgg5gqcS/rHwa1hF0JdM1y5TiyejVrMHoBmWY/DjtfYZoFTXie1RCFOkoG0b5diOOmUcuYarMpH7CSNTqwj+w=="],

    "@oven/bun-darwin-x64": ["@oven/bun-darwin-x64@1.3.10", "", { "os": "darwin", "cpu": "x64" }, "sha512-Nhssuh7GBpP5PiDSOl3+qnoIG7PJo+ec2oomDevnl9pRY6x6aD2gRt0JE+uf+A8Om2D6gjeHCxjEdrw5ZHE8mA=="],

    "@oven/bun-darwin-x64-baseline": ["@oven/bun-darwin-x64-baseline@1.3.10", "", { "os": "darwin", "cpu": "x64" }, "sha512-w1gaTlqU0IJCmJ1X+PGHkdNU1n8Gemx5YKkjhkJIguvFINXEBB5U1KG82QsT65Tk4KyNMfbLTlmy4giAvUoKfA=="],

    "@oven/bun-linux-aarch64": ["@oven/bun-linux-aarch64@1.3.10", "", { "os": "linux", "cpu": "arm64" }, "sha512-OUgPHfL6+PM2Q+tFZjcaycN3D7gdQdYlWnwMI31DXZKY1r4HINWk9aEz9t/rNaHg65edwNrt7dsv9TF7xK8xIA=="],

    "@oven/bun-linux-aarch64-musl": ["@oven/bun-linux-aarch64-musl@1.3.10", "", { "os": "linux", "cpu": "arm64" }, "sha512-Ui5pAgM7JE9MzHokF0VglRMkbak3lTisY4Mf1AZutPACXWgKJC5aGrgnHBfkl7QS6fEeYb0juy1q4eRznRHOsw=="],

    "@oven/bun-linux-x64": ["@oven/bun-linux-x64@1.3.10", "", { "os": "linux", "cpu": "x64" }, "sha512-bzUgYj/PIZziB/ZesIP9HUyfvh6Vlf3od+TrbTTyVEuCSMKzDPQVW/yEbRp0tcHO3alwiEXwJDrWrHAguXlgiQ=="],

    "@oven/bun-linux-x64-baseline": ["@oven/bun-linux-x64-baseline@1.3.10", "", { "os": "linux", "cpu": "x64" }, "sha512-oqvMDYpX6dGJO03HgO5bXuccEsH3qbdO3MaAiAlO4CfkBPLUXz3N0DDElg5hz0L6ktdDVKbQVE5lfe+LAUISQg=="],

    "@oven/bun-linux-x64-musl": ["@oven/bun-linux-x64-musl@1.3.10", "", { "os": "linux", "cpu": "x64" }, "sha512-poVXvOShekbexHq45b4MH/mRjQKwACAC8lHp3Tz/hEDuz0/20oncqScnmKwzhBPEpqJvydXficXfBYuSim8opw=="],

    "@oven/bun-linux-x64-musl-baseline": ["@oven/bun-linux-x64-musl-baseline@1.3.10", "", { "os": "linux", "cpu": "x64" }, "sha512-/hOZ6S1VsTX6vtbhWVL9aAnOrdpuO54mAGUWpTdMz7dFG5UBZ/VUEiK0pBkq9A1rlBk0GeD/6Y4NBFl8Ha7cRA=="],

    "@oven/bun-windows-aarch64": ["@oven/bun-windows-aarch64@1.3.10", "", { "os": "win32", "cpu": "arm64" }, "sha512-GXbz2swvN2DLw2dXZFeedMxSJtI64xQ9xp9Eg7Hjejg6mS2E4dP1xoQ2yAo2aZPi/2OBPAVaGzppI2q20XumHA=="],

    "@oven/bun-windows-x64": ["@oven/bun-windows-x64@1.3.10", "", { "os": "win32", "cpu": "x64" }, "sha512-qaS1In3yfC/Z/IGQriVmF8GWwKuNqiw7feTSJWaQhH5IbL6ENR+4wGNPniZSJFaM/SKUO0e/YCRdoVBvgU4C1g=="],

    "@oven/bun-windows-x64-baseline": ["@oven/bun-windows-x64-baseline@1.3.10", "", { "os": "win32", "cpu": "x64" }, "sha512-gh3UAHbUdDUG6fhLc1Csa4IGdtghue6U8oAIXWnUqawp6lwb3gOCRvp25IUnLF5vUHtgfMxuEUYV7YA2WxVutw=="],

    "@types/bun": ["@types/bun@1.3.9", "", { "dependencies": { "bun-types": "1.3.9" } }, "sha512-KQ571yULOdWJiMH+RIWIOZ7B2RXQGpL1YQrBtLIV3FqDcCu6FsbFUBwhdKUlCKUpS3PJDsHlJ1QKlpxoVR+xtw=="],

    "@types/node": ["@types/node@22.19.15", "", { "dependencies": { "undici-types": "~6.21.0" } }, "sha512-F0R/h2+dsy5wJAUe3tAU6oqa2qbWY5TpNfL/RGmo1y38hiyO1w3x2jPtt76wmuaJI4DQnOBu21cNXQ2STIUUWg=="],

    "@yuuang/ffi-rs-android-arm64": ["@yuuang/ffi-rs-android-arm64@1.3.1", "", { "os": "android", "cpu": "arm64" }, "sha512-V4nmlXdOYZEa7GOxSExVG95SLp8FE0iTq2yKeN54UlfNMr3Sik+1Ff57LcCv7qYcn4TBqnBAt5rT3FAM6T6caQ=="],

    "@yuuang/ffi-rs-darwin-arm64": ["@yuuang/ffi-rs-darwin-arm64@1.3.1", "", { "os": "darwin", "cpu": "arm64" }, "sha512-YlnTMIyzfW3mAULC5ZA774nzQfFlYXM0rrfq/8ZzWt+IMbYk55a++jrI+6JeKV+1EqlDS3TFBEFtjdBNG94KzQ=="],

    "@yuuang/ffi-rs-darwin-x64": ["@yuuang/ffi-rs-darwin-x64@1.3.1", "", { "os": "darwin", "cpu": "x64" }, "sha512-sI3LpQQ34SX4nyOHc5yxA7FSqs9qPEUMqW/y/wWo9cuyPpaHMFsi/BeOVYsnC0syp3FrY7gzn6RnD6PlXCktXg=="],

    "@yuuang/ffi-rs-linux-arm-gnueabihf": ["@yuuang/ffi-rs-linux-arm-gnueabihf@1.3.1", "", { "os": "linux", "cpu": "arm" }, "sha512-1WkcGkJTlwh4ZA59htKI+RXhiL3oKiYwLv7PO8LUf6FuADK73s5GcXp67iakKu243uYu+qGYr4RHco4ySddYhQ=="],

    "@yuuang/ffi-rs-linux-arm64-gnu": ["@yuuang/ffi-rs-linux-arm64-gnu@1.3.1", "", { "os": "linux", "cpu": "arm64" }, "sha512-J2PwqviycZxaEVA0Bwv38LqGDGSB9A1DPN4iYginYJZSvTvKW8kh7Tis0HbZrX1YDKnY8hi3lt0N0tCTNPDH5Q=="],

    "@yuuang/ffi-rs-linux-arm64-musl": ["@yuuang/ffi-rs-linux-arm64-musl@1.3.1", "", { "os": "linux", "cpu": "arm64" }, "sha512-Hn1W1hBPssTaqikU1Bqp1XUdDdOgbnYVIOtR++LVx66hhrtjf/xrIUQOhTm+NmOFDG16JUKXe1skfM4gpaqYwg=="],

    "@yuuang/ffi-rs-linux-x64-gnu": ["@yuuang/ffi-rs-linux-x64-gnu@1.3.1", "", { "os": "linux", "cpu": "x64" }, "sha512-kW6e+oCYZPvpH2ppPsffA18e1aLowtmWTRjVlyHtY04g/nQDepQvDUkkcvInh9fW5jLna7PjHvktW1tVgYIj2A=="],

    "@yuuang/ffi-rs-linux-x64-musl": ["@yuuang/ffi-rs-linux-x64-musl@1.3.1", "", { "os": "linux", "cpu": "x64" }, "sha512-HTwblAzruUS16nQPrez3ozvEHm1Xxh8J8w7rZYrpmAcNl1hzyOT8z/hY70M9Rt9fOqQ4Ovgor9qVy/U3ZJo0ZA=="],

    "@yuuang/ffi-rs-win32-arm64-msvc": ["@yuuang/ffi-rs-win32-arm64-msvc@1.3.1", "", { "os": "win32", "cpu": "arm64" }, "sha512-WeZkGl2BP1U4tRhEQH+FXLQS52N8obp74smK5AAGOfzPAT1pHkq6+dVkC1QCSIt7dHJs7SPtlnQw+5DkdZYlWA=="],

    "@yuuang/ffi-rs-win32-ia32-msvc": ["@yuuang/ffi-rs-win32-ia32-msvc@1.3.1", "", { "os": "win32", "cpu": [ "x64", "ia32", ] }, "sha512-rNGgMeCH5mdeHiMiJgt7wWXovZ+FHEfXhU9p4zZBH4n8M1/QnEsRUwlapISPLpILSGpoYS6iBuq9/fUlZY8Mhg=="],

    "@yuuang/ffi-rs-win32-x64-msvc": ["@yuuang/ffi-rs-win32-x64-msvc@1.3.1", "", { "os": "win32", "cpu": "x64" }, "sha512-dr2LcLD2CXo2a7BktlOpV68QhayqiI112KxIJC9tBgQO/Dkdg4CPsdqmvzzLhFo64iC5RLl2BT7M5lJImrfUWw=="],

    "bun": ["bun@1.3.10", "", { "optionalDependencies": { "@oven/bun-darwin-aarch64": "1.3.10", "@oven/bun-darwin-x64": "1.3.10", "@oven/bun-darwin-x64-baseline": "1.3.10", "@oven/bun-linux-aarch64": "1.3.10", "@oven/bun-linux-aarch64-musl": "1.3.10", "@oven/bun-linux-x64": "1.3.10", "@oven/bun-linux-x64-baseline": "1.3.10", "@oven/bun-linux-x64-musl": "1.3.10", "@oven/bun-linux-x64-musl-baseline": "1.3.10", "@oven/bun-windows-aarch64": "1.3.10", "@oven/bun-windows-x64": "1.3.10", "@oven/bun-windows-x64-baseline": "1.3.10" }, "os": [ "linux", "win32", "darwin", ], "cpu": [ "x64", "arm64", ], "bin": { "bun": "bin/bun.exe", "bunx": "bin/bunx.exe" } }, "sha512-S/CXaXXIyA4CMjdMkYQ4T2YMqnAn4s0ysD3mlsY4bUiOCqGlv28zck4Wd4H4kpvbekx15S9mUeLQ7Uxd0tYTLA=="],

    "bun-types": ["bun-types@1.3.9", "", { "dependencies": { "@types/node": "*" } }, "sha512-+UBWWOakIP4Tswh0Bt0QD0alpTY8cb5hvgiYeWCMet9YukHbzuruIEeXC2D7nMJPB12kbh8C7XJykSexEqGKJg=="],

    "ffi-rs": ["ffi-rs@1.3.1", "", { "optionalDependencies": { "@yuuang/ffi-rs-android-arm64": "1.3.1", "@yuuang/ffi-rs-darwin-arm64": "1.3.1", "@yuuang/ffi-rs-darwin-x64": "1.3.1", "@yuuang/ffi-rs-linux-arm-gnueabihf": "1.3.1", "@yuuang/ffi-rs-linux-arm64-gnu": "1.3.1", "@yuuang/ffi-rs-linux-arm64-musl": "1.3.1", "@yuuang/ffi-rs-linux-x64-gnu": "1.3.1", "@yuuang/ffi-rs-linux-x64-musl": "1.3.1", "@yuuang/ffi-rs-win32-arm64-msvc": "1.3.1", "@yuuang/ffi-rs-win32-ia32-msvc": "1.3.1", "@yuuang/ffi-rs-win32-x64-msvc": "1.3.1" } }, "sha512-ZyNXL9fnclnZV+waQmWB9JrfbIEyxQa1OWtMrHOrAgcC04PgP5hBMG5TdhVN8N4uT/eul8zCFMVnJUukAFFlXA=="],

    "typescript": ["typescript@5.9.3", "", { "bin": { "tsc": "bin/tsc", "tsserver": "bin/tsserver" } }, "sha512-jl1vZzPDinLr9eUt3J/t7V6FgNEw9QjvBPdysz9KfQDD41fQrC2Y4vKQdiaUpFT4bXlb1RHhLpp8wtm6M5TgSw=="],

    "undici-types": ["undici-types@6.21.0", "", {}, "sha512-iwDZqg0QAGrg9Rav5H4n0M64c3mkR59cJ6wQp+7C4nI0gsmExaedaYLNO44eT4AtBBwjbTiGPMlt2Md0T9H9JQ=="],

    "bun-types/@types/node": ["@types/node@25.3.3", "", { "dependencies": { "undici-types": "~7.18.0" } }, "sha512-DpzbrH7wIcBaJibpKo9nnSQL0MTRdnWttGyE5haGwK86xgMOkFLp7vEyfQPGLOJh5wNYiJ3V9PmUMDhV9u8kkQ=="],

    "bun-types/@types/node/undici-types": ["undici-types@7.18.2", "", {}, "sha512-AsuCzffGHJybSaRrmr5eHr81mwJU3kjw6M+uprWvCXiNeN9SOGwQ3Jn8jb8m3Z6izVgknn1R0FTCEAP2QrLY/w=="],
  }
}
