{
  "name": "tailwind",
  "lockfileVersion": 3,
  "requires": true,
  "packages": {
    "": {
      "devDependencies": {
        "@tailwindcss/language-server": "^0.14",
        "tailwindcss": "^4"
      }
    },
    "node_modules/@tailwindcss/language-server": {
      "version": "0.14.29",
      "resolved": "https://registry.npmjs.org/@tailwindcss/language-server/-/language-server-0.14.29.tgz",
      "integrity": "sha512-aZ3/XyTNmsoIyhs09Fghlw6D6y7o70aIxHmQEYPFiJPe/1k3HqtxXqhn7g7a5UpA1yeGOyKK9HRNJ8ghZqIclg==",
      "dev": true,
      "license": "MIT",
      "bin": {
        "css-language-server": "bin/css-language-server",
        "tailwindcss-language-server": "bin/tailwindcss-language-server"
      },
      "engines": {
        "node": ">=18.0.0"
      }
    },
    "node_modules/tailwindcss": {
      "version": "4.2.1",
      "resolved": "https://registry.npmjs.org/tailwindcss/-/tailwindcss-4.2.1.tgz",
      "integrity": "sha512-/tBrSQ36vCleJkAOsy9kbNTgaxvGbyOamC30PRePTQe/o1MFwEKHQk4Cn7BNGaPtjp+PuUrByJehM1hgxfq4sw==",
      "dev": true,
      "license": "MIT"
    }
  }
}
